
Microsoft Visual Studio Solution File, Format Version 12.00
# Visual Studio 15
VisualStudioVersion = 15.0.28307.329
MinimumVisualStudioVersion = 10.0.40219.1
Project("{FAE04EC0-301F-11D3-BF4B-00C04F79EFBC}") = "Restaurante Express", "Restaurante Express\Restaurante Express.csproj", "{0329B7DC-C84F-4A88-923C-3CBE2A574DEB}"
EndProject
Global
	GlobalSection(SolutionConfigurationPlatforms) = preSolution
		Debug|Any CPU = Debug|Any CPU
		Release|Any CPU = Release|Any CPU
	EndGlobalSection
	GlobalSection(ProjectConfigurationPlatforms) = postSolution
		{0329B7DC-C84F-4A88-923C-3CBE2A574DEB}.Debug|Any CPU.ActiveCfg = Debug|Any CPU
		{0329B7DC-C84F-4A88-923C-3CBE2A574DEB}.Debug|Any CPU.Build.0 = Debug|Any CPU
		{0329B7DC-C84F-4A88-923C-3CBE2A574DEB}.Release|Any CPU.ActiveCfg = Release|Any CPU
		{0329B7DC-C84F-4A88-923C-3CBE2A574DEB}.Release|Any CPU.Build.0 = Release|Any CPU
	EndGlobalSection
	GlobalSection(SolutionProperties) = preSolution
		HideSolutionNode = FALSE
	EndGlobalSection
	GlobalSection(ExtensibilityGlobals) = postSolution
		SolutionGuid = {FA053E68-CD4F-4237-B4AC-B486674544F3}
	EndGlobalSection
EndGlobal
